{
  "version": 4,
  "terraform_version": "0.12.26",
  "serial": 6,
  "lineage": "5acb8830-abf9-fba1-32ff-50c38b7dbca7",
  "outputs": {},
  "resources": [
    {
      "mode": "managed",
      "type": "aws_instance",
      "name": "example",
      "provider": "provider.aws",
      "instances": [
        {
          "status": "tainted",
          "schema_version": 1,
          "attributes": {
            "ami": "ami-844e0bf7",
            "arn": "arn:aws:ec2:eu-west-1:454817798075:instance/i-03127c887db777912",
            "associate_public_ip_address": true,
            "availability_zone": "eu-west-1b",
            "cpu_core_count": 1,
            "cpu_threads_per_core": 1,
            "credit_specification": [
              {
                "cpu_credits": "standard"
              }
            ],
            "disable_api_termination": false,
            "ebs_block_device": [],
            "ebs_optimized": false,
            "ephemeral_block_device": [],
            "get_password_data": false,
            "hibernation": false,
            "host_id": null,
            "iam_instance_profile": "",
            "id": "i-03127c887db777912",
            "instance_initiated_shutdown_behavior": null,
            "instance_state": "running",
            "instance_type": "t2.micro",
            "ipv6_address_count": 0,
            "ipv6_addresses": [],
            "key_name": "mykey",
            "metadata_options": [
              {
                "http_endpoint": "enabled",
                "http_put_response_hop_limit": 1,
                "http_tokens": "optional"
              }
            ],
            "monitoring": false,
            "network_interface": [],
            "network_interface_id": null,
            "outpost_arn": "",
            "password_data": "",
            "placement_group": "",
            "primary_network_interface_id": "eni-08ac2108076c61ae7",
            "private_dns": "ip-172-31-41-253.eu-west-1.compute.internal",
            "private_ip": "172.31.41.253",
            "public_dns": "ec2-3-249-244-165.eu-west-1.compute.amazonaws.com",
            "public_ip": "3.249.244.165",
            "root_block_device": [
              {
                "delete_on_termination": true,
                "device_name": "/dev/sda1",
                "encrypted": false,
                "iops": 100,
                "kms_key_id": "",
                "volume_id": "vol-0d85e3eb8a21bf2c4",
                "volume_size": 8,
                "volume_type": "gp2"
              }
            ],
            "security_groups": [
              "default"
            ],
            "source_dest_check": true,
            "subnet_id": "subnet-79429e23",
            "tags": null,
            "tenancy": "default",
            "timeouts": null,
            "user_data": null,
            "user_data_base64": null,
            "volume_tags": {},
            "vpc_security_group_ids": [
              "sg-1579346a"
            ]
          },
          "private": "eyJlMmJmYjczMC1lY2FhLTExZTYtOGY4OC0zNDM2M2JjN2M0YzAiOnsiY3JlYXRlIjo2MDAwMDAwMDAwMDAsImRlbGV0ZSI6MTIwMDAwMDAwMDAwMCwidXBkYXRlIjo2MDAwMDAwMDAwMDB9LCJzY2hlbWFfdmVyc2lvbiI6IjEifQ==",
          "dependencies": [
            "aws_key_pair.mykey"
          ]
        }
      ]
    },
    {
      "mode": "managed",
      "type": "aws_key_pair",
      "name": "mykey",
      "provider": "provider.aws",
      "instances": [
        {
          "schema_version": 1,
          "attributes": {
            "fingerprint": "d5:17:24:08:2e:93:35:2f:5a:3c:fd:83:2c:db:ec:37",
            "id": "mykey",
            "key_name": "mykey",
            "key_name_prefix": null,
            "key_pair_id": "key-00937f47042ff4289",
            "public_key": "ssh-rsa AAAAB3NzaC1yc2EAAAADAQABAAABAQCjZEuLv+QgdSfdwZ6iXYIitxbkHemjY5NINkg3pIfdthZtt//nWLkilxKCtR+MVhBwIP1Jsub4hwTY2V7WiCBGChqmzyrOQVHbOwqrliOEwqcTu38GHPsKCCkMYrdNNfVzT0KaRqPkUZp3Skx2FWN/3joiaOzDzgttH9gtjYqchQVG7052OOZV6ka2VkgtUXU/vHBBMtzKb2aVXLExheX0GERBhZeaf8EatbpLjMWTPU9nhvAPgLZr2Ui6nCgpsT/n0HhidNMh46+0ZggxC1tQTA2nyz2ptdaZ2VvipvBtxXQ0NZ84XlkE4Luthh47z2JcKQXFu/OD1bbNim678zKd vf-root\\potnurus@XIB-SR",
            "tags": {}
          },
          "private": "eyJzY2hlbWFfdmVyc2lvbiI6IjEifQ=="
        }
      ]
    }
  ]
}
